{
  "name": "luxar",
  "lockfileVersion": 3,
  "requires": true,
  "packages": {
    "": {
      "devDependencies": {
        "@types/node": "^20.6.0",
        "assemblyscript": "^0.0.0",
        "typescript": "^5.2.2"
      }
    },
    "node_modules/@types/node": {
      "version": "20.6.0",
      "resolved": "https://registry.npmjs.org/@types/node/-/node-20.6.0.tgz",
      "integrity": "sha512-najjVq5KN2vsH2U/xyh2opaSEz6cZMR2SetLIlxlj08nOcmPOemJmUK2o4kUzfLqfrWE0PIrNeE16XhYDd3nqg==",
      "dev": true
    },
    "node_modules/assemblyscript": {
      "version": "0.0.0",
      "resolved": "https://registry.npmjs.org/assemblyscript/-/assemblyscript-0.0.0.tgz",
      "integrity": "sha512-hW9fr2ho0jMUta7Sih0BoatUPVvym8LcBIxiZlr6y3TEHyItDZWMR6G8eSCjty0wBvY9Z6X+FEV7h8xJllQZ5A==",
      "deprecated": "This version of AssemblyScript is outdated. See https://github.com/AssemblyScript/assemblyscript for details.",
      "dev": true,
      "dependencies": {
        "typescript": "^2.3.2"
      },
      "bin": {
        "asc": "bin/asc"
      }
    },
    "node_modules/assemblyscript/node_modules/typescript": {
      "version": "2.9.2",
      "resolved": "https://registry.npmjs.org/typescript/-/typescript-2.9.2.tgz",
      "integrity": "sha512-Gr4p6nFNaoufRIY4NMdpQRNmgxVIGMs4Fcu/ujdYk3nAZqk7supzBE9idmvfZIlH/Cuj//dvi+019qEue9lV0w==",
      "dev": true,
      "bin": {
        "tsc": "bin/tsc",
        "tsserver": "bin/tsserver"
      },
      "engines": {
        "node": ">=4.2.0"
      }
    },
    "node_modules/typescript": {
      "version": "5.2.2",
      "resolved": "https://registry.npmjs.org/typescript/-/typescript-5.2.2.tgz",
      "integrity": "sha512-mI4WrpHsbCIcwT9cF4FZvr80QUeKvsUsUvKDoR+X/7XHQH98xYD8YHZg7ANtz2GtZt/CBq2QJ0thkGJMHfqc1w==",
      "dev": true,
      "bin": {
        "tsc": "bin/tsc",
        "tsserver": "bin/tsserver"
      },
      "engines": {
        "node": ">=14.17"
      }
    }
  }
}
